
Microsoft Visual Studio Solution File, Format Version 12.00
# Visual Studio Version 18
VisualStudioVersion = 18.5.11723.231
MinimumVisualStudioVersion = 10.0.40219.1
Project("{FAE04EC0-301F-11D3-BF4B-00C04F79EFBC}") = "Jellyfin.Plugin.WatchCircle", "Jellyfin.Plugin.WatchCircle\Jellyfin.Plugin.WatchCircle.csproj", "{D921B930-CF91-406F-ACBC-08914DCD0D34}"
EndProject
Project("{2150E333-8FDC-42A3-9474-1A3956D46DE8}") = "tests", "tests", "{0AB3BF05-4346-4AA6-1389-037BE0695223}"
EndProject
Project("{FAE04EC0-301F-11D3-BF4B-00C04F79EFBC}") = "WatchCircle.Tests", "tests\WatchCircle.Tests\WatchCircle.Tests.csproj", "{D7B1108F-DC13-44A1-B25A-CAAC7BD36A70}"
EndProject
Global
	GlobalSection(SolutionConfigurationPlatforms) = preSolution
		Debug|Any CPU = Debug|Any CPU
		Debug|x64 = Debug|x64
		Debug|x86 = Debug|x86
		Release|Any CPU = Release|Any CPU
		Release|x64 = Release|x64
		Release|x86 = Release|x86
	EndGlobalSection
	GlobalSection(ProjectConfigurationPlatforms) = postSolution
		{D921B930-CF91-406F-ACBC-08914DCD0D34}.Debug|Any CPU.ActiveCfg = Debug|Any CPU
		{D921B930-CF91-406F-ACBC-08914DCD0D34}.Debug|Any CPU.Build.0 = Debug|Any CPU
		{D921B930-CF91-406F-ACBC-08914DCD0D34}.Debug|x64.ActiveCfg = Debug|Any CPU
		{D921B930-CF91-406F-ACBC-08914DCD0D34}.Debug|x64.Build.0 = Debug|Any CPU
		{D921B930-CF91-406F-ACBC-08914DCD0D34}.Debug|x86.ActiveCfg = Debug|Any CPU
		{D921B930-CF91-406F-ACBC-08914DCD0D34}.Debug|x86.Build.0 = Debug|Any CPU
		{D921B930-CF91-406F-ACBC-08914DCD0D34}.Release|Any CPU.ActiveCfg = Release|Any CPU
		{D921B930-CF91-406F-ACBC-08914DCD0D34}.Release|Any CPU.Build.0 = Release|Any CPU
		{D921B930-CF91-406F-ACBC-08914DCD0D34}.Release|x64.ActiveCfg = Release|Any CPU
		{D921B930-CF91-406F-ACBC-08914DCD0D34}.Release|x64.Build.0 = Release|Any CPU
		{D921B930-CF91-406F-ACBC-08914DCD0D34}.Release|x86.ActiveCfg = Release|Any CPU
		{D921B930-CF91-406F-ACBC-08914DCD0D34}.Release|x86.Build.0 = Release|Any CPU
		{D7B1108F-DC13-44A1-B25A-CAAC7BD36A70}.Debug|Any CPU.ActiveCfg = Debug|Any CPU
		{D7B1108F-DC13-44A1-B25A-CAAC7BD36A70}.Debug|Any CPU.Build.0 = Debug|Any CPU
		{D7B1108F-DC13-44A1-B25A-CAAC7BD36A70}.Debug|x64.ActiveCfg = Debug|Any CPU
		{D7B1108F-DC13-44A1-B25A-CAAC7BD36A70}.Debug|x64.Build.0 = Debug|Any CPU
		{D7B1108F-DC13-44A1-B25A-CAAC7BD36A70}.Debug|x86.ActiveCfg = Debug|Any CPU
		{D7B1108F-DC13-44A1-B25A-CAAC7BD36A70}.Debug|x86.Build.0 = Debug|Any CPU
		{D7B1108F-DC13-44A1-B25A-CAAC7BD36A70}.Release|Any CPU.ActiveCfg = Release|Any CPU
		{D7B1108F-DC13-44A1-B25A-CAAC7BD36A70}.Release|Any CPU.Build.0 = Release|Any CPU
		{D7B1108F-DC13-44A1-B25A-CAAC7BD36A70}.Release|x64.ActiveCfg = Release|Any CPU
		{D7B1108F-DC13-44A1-B25A-CAAC7BD36A70}.Release|x64.Build.0 = Release|Any CPU
		{D7B1108F-DC13-44A1-B25A-CAAC7BD36A70}.Release|x86.ActiveCfg = Release|Any CPU
		{D7B1108F-DC13-44A1-B25A-CAAC7BD36A70}.Release|x86.Build.0 = Release|Any CPU
	EndGlobalSection
	GlobalSection(SolutionProperties) = preSolution
		HideSolutionNode = FALSE
	EndGlobalSection
	GlobalSection(NestedProjects) = preSolution
		{D7B1108F-DC13-44A1-B25A-CAAC7BD36A70} = {0AB3BF05-4346-4AA6-1389-037BE0695223}
	EndGlobalSection
	GlobalSection(ExtensibilityGlobals) = postSolution
		SolutionGuid = {E4755936-670E-418A-B5CE-D5C66E9F216A}
	EndGlobalSection
EndGlobal
